
Microsoft Visual Studio Solution File, Format Version 12.00
# Visual Studio Version 16
VisualStudioVersion = 16.0.31702.278
MinimumVisualStudioVersion = 10.0.40219.1
Project("{FAE04EC0-301F-11D3-BF4B-00C04F79EFBC}") = "2022_Gavrilut_Adriana_Problema_261", "2022_Gavrilut_Adriana_Problema_261\2022_Gavrilut_Adriana_Problema_261.csproj", "{4D39BC7F-52F9-4B89-8DC4-E8EE3657B57F}"
EndProject
Global
	GlobalSection(SolutionConfigurationPlatforms) = preSolution
		Debug|Any CPU = Debug|Any CPU
		Release|Any CPU = Release|Any CPU
	EndGlobalSection
	GlobalSection(ProjectConfigurationPlatforms) = postSolution
		{4D39BC7F-52F9-4B89-8DC4-E8EE3657B57F}.Debug|Any CPU.ActiveCfg = Debug|Any CPU
		{4D39BC7F-52F9-4B89-8DC4-E8EE3657B57F}.Debug|Any CPU.Build.0 = Debug|Any CPU
		{4D39BC7F-52F9-4B89-8DC4-E8EE3657B57F}.Release|Any CPU.ActiveCfg = Release|Any CPU
		{4D39BC7F-52F9-4B89-8DC4-E8EE3657B57F}.Release|Any CPU.Build.0 = Release|Any CPU
	EndGlobalSection
	GlobalSection(SolutionProperties) = preSolution
		HideSolutionNode = FALSE
	EndGlobalSection
	GlobalSection(ExtensibilityGlobals) = postSolution
		SolutionGuid = {EE363BA3-ACA4-4481-A8F2-946708635EF7}
	EndGlobalSection
EndGlobal
